
Microsoft Visual Studio Solution File, Format Version 12.00
# Visual Studio Version 17
VisualStudioVersion = 17.1.31911.260
MinimumVisualStudioVersion = 10.0.40219.1
Project("{FAE04EC0-301F-11D3-BF4B-00C04F79EFBC}") = "RetailManager.Data", "RetailManager.Data\RetailManager.Data.csproj", "{E36AD659-335B-4FDB-ADD4-3538278BBBD8}"
EndProject
Global
	GlobalSection(SolutionConfigurationPlatforms) = preSolution
		Debug|Any CPU = Debug|Any CPU
		Release|Any CPU = Release|Any CPU
	EndGlobalSection
	GlobalSection(ProjectConfigurationPlatforms) = postSolution
		{E36AD659-335B-4FDB-ADD4-3538278BBBD8}.Debug|Any CPU.ActiveCfg = Debug|Any CPU
		{E36AD659-335B-4FDB-ADD4-3538278BBBD8}.Debug|Any CPU.Build.0 = Debug|Any CPU
		{E36AD659-335B-4FDB-ADD4-3538278BBBD8}.Release|Any CPU.ActiveCfg = Release|Any CPU
		{E36AD659-335B-4FDB-ADD4-3538278BBBD8}.Release|Any CPU.Build.0 = Release|Any CPU
	EndGlobalSection
	GlobalSection(SolutionProperties) = preSolution
		HideSolutionNode = FALSE
	EndGlobalSection
	GlobalSection(ExtensibilityGlobals) = postSolution
		SolutionGuid = {08DC103E-18D0-470F-89E6-0B36E099CAA0}
	EndGlobalSection
EndGlobal
